
Microsoft Visual Studio Solution File, Format Version 12.00
# Visual Studio Version 16
VisualStudioVersion = 16.0.31729.503
MinimumVisualStudioVersion = 10.0.40219.1
Project("{FAE04EC0-301F-11D3-BF4B-00C04F79EFBC}") = "DistributoreSnack", "DistributoreSnack\DistributoreSnack.csproj", "{8C6CCD33-0A60-4D6D-AF09-A817DDF33EB8}"
EndProject
Global
	GlobalSection(SolutionConfigurationPlatforms) = preSolution
		Debug|Any CPU = Debug|Any CPU
		Release|Any CPU = Release|Any CPU
	EndGlobalSection
	GlobalSection(ProjectConfigurationPlatforms) = postSolution
		{8C6CCD33-0A60-4D6D-AF09-A817DDF33EB8}.Debug|Any CPU.ActiveCfg = Debug|Any CPU
		{8C6CCD33-0A60-4D6D-AF09-A817DDF33EB8}.Debug|Any CPU.Build.0 = Debug|Any CPU
		{8C6CCD33-0A60-4D6D-AF09-A817DDF33EB8}.Release|Any CPU.ActiveCfg = Release|Any CPU
		{8C6CCD33-0A60-4D6D-AF09-A817DDF33EB8}.Release|Any CPU.Build.0 = Release|Any CPU
	EndGlobalSection
	GlobalSection(SolutionProperties) = preSolution
		HideSolutionNode = FALSE
	EndGlobalSection
	GlobalSection(ExtensibilityGlobals) = postSolution
		SolutionGuid = {6C88EBC0-028A-446C-B1C5-3C4266AF11F5}
	EndGlobalSection
EndGlobal
